// !$*UTF8*$!
{
	archiveVersion = 1;
	classes = {
	};
	objectVersion = 46;
	objects = {

/* Begin PBXBuildFile section */
		BF798DCC1C2448BC0073DF70 /* MKAnnotationView+WebCache.m in Sources */ = {isa = PBXBuildFile; fileRef = BF798DAC1C2448BC0073DF70 /* MKAnnotationView+WebCache.m */; };
		BF798DCD1C2448BC0073DF70 /* NSData+ImageContentType.m in Sources */ = {isa = PBXBuildFile; fileRef = BF798DAE1C2448BC0073DF70 /* NSData+ImageContentType.m */; };
		BF798DCE1C2448BC0073DF70 /* SDImageCache.m in Sources */ = {isa = PBXBuildFile; fileRef = BF798DB01C2448BC0073DF70 /* SDImageCache.m */; };
		BF798DCF1C2448BC0073DF70 /* SDWebImageCompat.m in Sources */ = {isa = PBXBuildFile; fileRef = BF798DB21C2448BC0073DF70 /* SDWebImageCompat.m */; };
		BF798DD01C2448BC0073DF70 /* SDWebImageDecoder.m in Sources */ = {isa = PBXBuildFile; fileRef = BF798DB41C2448BC0073DF70 /* SDWebImageDecoder.m */; };
		BF798DD11C2448BC0073DF70 /* SDWebImageDownloader.m in Sources */ = {isa = PBXBuildFile; fileRef = BF798DB61C2448BC0073DF70 /* SDWebImageDownloader.m */; };
		BF798DD21C2448BC0073DF70 /* SDWebImageDownloaderOperation.m in Sources */ = {isa = PBXBuildFile; fileRef = BF798DB81C2448BC0073DF70 /* SDWebImageDownloaderOperation.m */; };
		BF798DD31C2448BC0073DF70 /* SDWebImageManager.m in Sources */ = {isa = PBXBuildFile; fileRef = BF798DBA1C2448BC0073DF70 /* SDWebImageManager.m */; };
		BF798DD41C2448BC0073DF70 /* SDWebImagePrefetcher.m in Sources */ = {isa = PBXBuildFile; fileRef = BF798DBD1C2448BC0073DF70 /* SDWebImagePrefetcher.m */; };
		BF798DD51C2448BC0073DF70 /* UIButton+WebCache.m in Sources */ = {isa = PBXBuildFile; fileRef = BF798DBF1C2448BC0073DF70 /* UIButton+WebCache.m */; };
		BF798DD61C2448BC0073DF70 /* UIImage+GIF.m in Sources */ = {isa = PBXBuildFile; fileRef = BF798DC11C2448BC0073DF70 /* UIImage+GIF.m */; };
		BF798DD71C2448BC0073DF70 /* UIImage+MultiFormat.m in Sources */ = {isa = PBXBuildFile; fileRef = BF798DC31C2448BC0073DF70 /* UIImage+MultiFormat.m */; };
		BF798DD81C2448BC0073DF70 /* UIImage+WebP.m in Sources */ = {isa = PBXBuildFile; fileRef = BF798DC51C2448BC0073DF70 /* UIImage+WebP.m */; };
		BF798DD91C2448BC0073DF70 /* UIImageView+HighlightedWebCache.m in Sources */ = {isa = PBXBuildFile; fileRef = BF798DC71C2448BC0073DF70 /* UIImageView+HighlightedWebCache.m */; };
		BF798DDA1C2448BC0073DF70 /* UIImageView+WebCache.m in Sources */ = {isa = PBXBuildFile; fileRef = BF798DC91C2448BC0073DF70 /* UIImageView+WebCache.m */; };
		BF798DDB1C2448BC0073DF70 /* UIView+WebCacheOperation.m in Sources */ = {isa = PBXBuildFile; fileRef = BF798DCB1C2448BC0073DF70 /* UIView+WebCacheOperation.m */; };
		BF86E73B1C223B1800EC980A /* AppDelegate.swift in Sources */ = {isa = PBXBuildFile; fileRef = BF86E73A1C223B1800EC980A /* AppDelegate.swift */; };
		BF86E73D1C223B1800EC980A /* ViewController.swift in Sources */ = {isa = PBXBuildFile; fileRef = BF86E73C1C223B1800EC980A /* ViewController.swift */; };
		BF86E7401C223B1800EC980A /* Main.storyboard in Resources */ = {isa = PBXBuildFile; fileRef = BF86E73E1C223B1800EC980A /* Main.storyboard */; };
		BF86E7451C223B1800EC980A /* LaunchScreen.storyboard in Resources */ = {isa = PBXBuildFile; fileRef = BF86E7431C223B1800EC980A /* LaunchScreen.storyboard */; };
		BF86E7501C223DC300EC980A /* ScrollTestViewController.swift in Sources */ = {isa = PBXBuildFile; fileRef = BF86E74F1C223DC300EC980A /* ScrollTestViewController.swift */; };
		BF86E7521C223DD600EC980A /* CollectionTestViewController.swift in Sources */ = {isa = PBXBuildFile; fileRef = BF86E7511C223DD600EC980A /* CollectionTestViewController.swift */; };
		BF86E7541C223E0F00EC980A /* JMCarouselCollection.swift in Sources */ = {isa = PBXBuildFile; fileRef = BF86E7531C223E0F00EC980A /* JMCarouselCollection.swift */; };
		BF86E7561C22411400EC980A /* JMCarouselScrollView.swift in Sources */ = {isa = PBXBuildFile; fileRef = BF86E7551C22411400EC980A /* JMCarouselScrollView.swift */; };
		BF9E0AC11C24F1FC00CC1395 /* Assets.xcassets in Resources */ = {isa = PBXBuildFile; fileRef = BF9E0AC01C24F1FC00CC1395 /* Assets.xcassets */; };
/* End PBXBuildFile section */

/* Begin PBXFileReference section */
		BF798DAB1C2448BC0073DF70 /* MKAnnotationView+WebCache.h */ = {isa = PBXFileReference; fileEncoding = 4; lastKnownFileType = sourcecode.c.h; path = "MKAnnotationView+WebCache.h"; sourceTree = "<group>"; };
		BF798DAC1C2448BC0073DF70 /* MKAnnotationView+WebCache.m */ = {isa = PBXFileReference; fileEncoding = 4; lastKnownFileType = sourcecode.c.objc; path = "MKAnnotationView+WebCache.m"; sourceTree = "<group>"; };
		BF798DAD1C2448BC0073DF70 /* NSData+ImageContentType.h */ = {isa = PBXFileReference; fileEncoding = 4; lastKnownFileType = sourcecode.c.h; path = "NSData+ImageContentType.h"; sourceTree = "<group>"; };
		BF798DAE1C2448BC0073DF70 /* NSData+ImageContentType.m */ = {isa = PBXFileReference; fileEncoding = 4; lastKnownFileType = sourcecode.c.objc; path = "NSData+ImageContentType.m"; sourceTree = "<group>"; };
		BF798DAF1C2448BC0073DF70 /* SDImageCache.h */ = {isa = PBXFileReference; fileEncoding = 4; lastKnownFileType = sourcecode.c.h; path = SDImageCache.h; sourceTree = "<group>"; };
		BF798DB01C2448BC0073DF70 /* SDImageCache.m */ = {isa = PBXFileReference; fileEncoding = 4; lastKnownFileType = sourcecode.c.objc; path = SDImageCache.m; sourceTree = "<group>"; };
		BF798DB11C2448BC0073DF70 /* SDWebImageCompat.h */ = {isa = PBXFileReference; fileEncoding = 4; lastKnownFileType = sourcecode.c.h; path = SDWebImageCompat.h; sourceTree = "<group>"; };
		BF798DB21C2448BC0073DF70 /* SDWebImageCompat.m */ = {isa = PBXFileReference; fileEncoding = 4; lastKnownFileType = sourcecode.c.objc; path = SDWebImageCompat.m; sourceTree = "<group>"; };
		BF798DB31C2448BC0073DF70 /* SDWebImageDecoder.h */ = {isa = PBXFileReference; fileEncoding = 4; lastKnownFileType = sourcecode.c.h; path = SDWebImageDecoder.h; sourceTree = "<group>"; };
		BF798DB41C2448BC0073DF70 /* SDWebImageDecoder.m */ = {isa = PBXFileReference; fileEncoding = 4; lastKnownFileType = sourcecode.c.objc; path = SDWebImageDecoder.m; sourceTree = "<group>"; };
		BF798DB51C2448BC0073DF70 /* SDWebImageDownloader.h */ = {isa = PBXFileReference; fileEncoding = 4; lastKnownFileType = sourcecode.c.h; path = SDWebImageDownloader.h; sourceTree = "<group>"; };
		BF798DB61C2448BC0073DF70 /* SDWebImageDownloader.m */ = {isa = PBXFileReference; fileEncoding = 4; lastKnownFileType = sourcecode.c.objc; path = SDWebImageDownloader.m; sourceTree = "<group>"; };
		BF798DB71C2448BC0073DF70 /* SDWebImageDownloaderOperation.h */ = {isa = PBXFileReference; fileEncoding = 4; lastKnownFileType = sourcecode.c.h; path = SDWebImageDownloaderOperation.h; sourceTree = "<group>"; };
		BF798DB81C2448BC0073DF70 /* SDWebImageDownloaderOperation.m */ = {isa = PBXFileReference; fileEncoding = 4; lastKnownFileType = sourcecode.c.objc; path = SDWebImageDownloaderOperation.m; sourceTree = "<group>"; };
		BF798DB91C2448BC0073DF70 /* SDWebImageManager.h */ = {isa = PBXFileReference; fileEncoding = 4; lastKnownFileType = sourcecode.c.h; path = SDWebImageManager.h; sourceTree = "<group>"; };
		BF798DBA1C2448BC0073DF70 /* SDWebImageManager.m */ = {isa = PBXFileReference; fileEncoding = 4; lastKnownFileType = sourcecode.c.objc; path = SDWebImageManager.m; sourceTree = "<group>"; };
		BF798DBB1C2448BC0073DF70 /* SDWebImageOperation.h */ = {isa = PBXFileReference; fileEncoding = 4; lastKnownFileType = sourcecode.c.h; path = SDWebImageOperation.h; sourceTree = "<group>"; };
		BF798DBC1C2448BC0073DF70 /* SDWebImagePrefetcher.h */ = {isa = PBXFileReference; fileEncoding = 4; lastKnownFileType = sourcecode.c.h; path = SDWebImagePrefetcher.h; sourceTree = "<group>"; };
		BF798DBD1C2448BC0073DF70 /* SDWebImagePrefetcher.m */ = {isa = PBXFileReference; fileEncoding = 4; lastKnownFileType = sourcecode.c.objc; path = SDWebImagePrefetcher.m; sourceTree = "<group>"; };
		BF798DBE1C2448BC0073DF70 /* UIButton+WebCache.h */ = {isa = PBXFileReference; fileEncoding = 4; lastKnownFileType = sourcecode.c.h; path = "UIButton+WebCache.h"; sourceTree = "<group>"; };
		BF798DBF1C2448BC0073DF70 /* UIButton+WebCache.m */ = {isa = PBXFileReference; fileEncoding = 4; lastKnownFileType = sourcecode.c.objc; path = "UIButton+WebCache.m"; sourceTree = "<group>"; };
		BF798DC01C2448BC0073DF70 /* UIImage+GIF.h */ = {isa = PBXFileReference; fileEncoding = 4; lastKnownFileType = sourcecode.c.h; path = "UIImage+GIF.h"; sourceTree = "<group>"; };
		BF798DC11C2448BC0073DF70 /* UIImage+GIF.m */ = {isa = PBXFileReference; fileEncoding = 4; lastKnownFileType = sourcecode.c.objc; path = "UIImage+GIF.m"; sourceTree = "<group>"; };
		BF798DC21C2448BC0073DF70 /* UIImage+MultiFormat.h */ = {isa = PBXFileReference; fileEncoding = 4; lastKnownFileType = sourcecode.c.h; path = "UIImage+MultiFormat.h"; sourceTree = "<group>"; };
		BF798DC31C2448BC0073DF70 /* UIImage+MultiFormat.m */ = {isa = PBXFileReference; fileEncoding = 4; lastKnownFileType = sourcecode.c.objc; path = "UIImage+MultiFormat.m"; sourceTree = "<group>"; };
		BF798DC41C2448BC0073DF70 /* UIImage+WebP.h */ = {isa = PBXFileReference; fileEncoding = 4; lastKnownFileType = sourcecode.c.h; path = "UIImage+WebP.h"; sourceTree = "<group>"; };
		BF798DC51C2448BC0073DF70 /* UIImage+WebP.m */ = {isa = PBXFileReference; fileEncoding = 4; lastKnownFileType = sourcecode.c.objc; path = "UIImage+WebP.m"; sourceTree = "<group>"; };
		BF798DC61C2448BC0073DF70 /* UIImageView+HighlightedWebCache.h */ = {isa = PBXFileReference; fileEncoding = 4; lastKnownFileType = sourcecode.c.h; path = "UIImageView+HighlightedWebCache.h"; sourceTree = "<group>"; };
		BF798DC71C2448BC0073DF70 /* UIImageView+HighlightedWebCache.m */ = {isa = PBXFileReference; fileEncoding = 4; lastKnownFileType = sourcecode.c.objc; path = "UIImageView+HighlightedWebCache.m"; sourceTree = "<group>"; };
		BF798DC81C2448BC0073DF70 /* UIImageView+WebCache.h */ = {isa = PBXFileReference; fileEncoding = 4; lastKnownFileType = sourcecode.c.h; path = "UIImageView+WebCache.h"; sourceTree = "<group>"; };
		BF798DC91C2448BC0073DF70 /* UIImageView+WebCache.m */ = {isa = PBXFileReference; fileEncoding = 4; lastKnownFileType = sourcecode.c.objc; path = "UIImageView+WebCache.m"; sourceTree = "<group>"; };
		BF798DCA1C2448BC0073DF70 /* UIView+WebCacheOperation.h */ = {isa = PBXFileReference; fileEncoding = 4; lastKnownFileType = sourcecode.c.h; path = "UIView+WebCacheOperation.h"; sourceTree = "<group>"; };
		BF798DCB1C2448BC0073DF70 /* UIView+WebCacheOperation.m */ = {isa = PBXFileReference; fileEncoding = 4; lastKnownFileType = sourcecode.c.objc; path = "UIView+WebCacheOperation.m"; sourceTree = "<group>"; };
		BF798E061C244E5D0073DF70 /* JMCarouselView-Bridging-Header.h */ = {isa = PBXFileReference; fileEncoding = 4; lastKnownFileType = sourcecode.c.h; path = "JMCarouselView-Bridging-Header.h"; sourceTree = "<group>"; };
		BF86E7371C223B1800EC980A /* JMCarouselView.app */ = {isa = PBXFileReference; explicitFileType = wrapper.application; includeInIndex = 0; path = JMCarouselView.app; sourceTree = BUILT_PRODUCTS_DIR; };
		BF86E73A1C223B1800EC980A /* AppDelegate.swift */ = {isa = PBXFileReference; lastKnownFileType = sourcecode.swift; path = AppDelegate.swift; sourceTree = "<group>"; };
		BF86E73C1C223B1800EC980A /* ViewController.swift */ = {isa = PBXFileReference; lastKnownFileType = sourcecode.swift; path = ViewController.swift; sourceTree = "<group>"; };
		BF86E73F1C223B1800EC980A /* Base */ = {isa = PBXFileReference; lastKnownFileType = file.storyboard; name = Base; path = Base.lproj/Main.storyboard; sourceTree = "<group>"; };
		BF86E7441C223B1800EC980A /* Base */ = {isa = PBXFileReference; lastKnownFileType = file.storyboard; name = Base; path = Base.lproj/LaunchScreen.storyboard; sourceTree = "<group>"; };
		BF86E7461C223B1800EC980A /* Info.plist */ = {isa = PBXFileReference; lastKnownFileType = text.plist.xml; path = Info.plist; sourceTree = "<group>"; };
		BF86E74F1C223DC300EC980A /* ScrollTestViewController.swift */ = {isa = PBXFileReference; fileEncoding = 4; lastKnownFileType = sourcecode.swift; path = ScrollTestViewController.swift; sourceTree = "<group>"; };
		BF86E7511C223DD600EC980A /* CollectionTestViewController.swift */ = {isa = PBXFileReference; fileEncoding = 4; lastKnownFileType = sourcecode.swift; path = CollectionTestViewController.swift; sourceTree = "<group>"; };
		BF86E7531C223E0F00EC980A /* JMCarouselCollection.swift */ = {isa = PBXFileReference; fileEncoding = 4; lastKnownFileType = sourcecode.swift; path = JMCarouselCollection.swift; sourceTree = "<group>"; };
		BF86E7551C22411400EC980A /* JMCarouselScrollView.swift */ = {isa = PBXFileReference; fileEncoding = 4; lastKnownFileType = sourcecode.swift; path = JMCarouselScrollView.swift; sourceTree = "<group>"; };
		BF9E0AC01C24F1FC00CC1395 /* Assets.xcassets */ = {isa = PBXFileReference; lastKnownFileType = folder.assetcatalog; path = Assets.xcassets; sourceTree = "<group>"; };
/* End PBXFileReference section */

/* Begin PBXFrameworksBuildPhase section */
		BF86E7341C223B1800EC980A /* Frameworks */ = {
			isa = PBXFrameworksBuildPhase;
			buildActionMask = 2147483647;
			files = (
			);
			runOnlyForDeploymentPostprocessing = 0;
		};
/* End PBXFrameworksBuildPhase section */

/* Begin PBXGroup section */
		BF798DAA1C2448BC0073DF70 /* SDWebImage */ = {
			isa = PBXGroup;
			children = (
				BF798DAB1C2448BC0073DF70 /* MKAnnotationView+WebCache.h */,
				BF798DAC1C2448BC0073DF70 /* MKAnnotationView+WebCache.m */,
				BF798DAD1C2448BC0073DF70 /* NSData+ImageContentType.h */,
				BF798DAE1C2448BC0073DF70 /* NSData+ImageContentType.m */,
				BF798DAF1C2448BC0073DF70 /* SDImageCache.h */,
				BF798DB01C2448BC0073DF70 /* SDImageCache.m */,
				BF798DB11C2448BC0073DF70 /* SDWebImageCompat.h */,
				BF798DB21C2448BC0073DF70 /* SDWebImageCompat.m */,
				BF798DB31C2448BC0073DF70 /* SDWebImageDecoder.h */,
				BF798DB41C2448BC0073DF70 /* SDWebImageDecoder.m */,
				BF798DB51C2448BC0073DF70 /* SDWebImageDownloader.h */,
				BF798DB61C2448BC0073DF70 /* SDWebImageDownloader.m */,
				BF798DB71C2448BC0073DF70 /* SDWebImageDownloaderOperation.h */,
				BF798DB81C2448BC0073DF70 /* SDWebImageDownloaderOperation.m */,
				BF798DB91C2448BC0073DF70 /* SDWebImageManager.h */,
				BF798DBA1C2448BC0073DF70 /* SDWebImageManager.m */,
				BF798DBB1C2448BC0073DF70 /* SDWebImageOperation.h */,
				BF798DBC1C2448BC0073DF70 /* SDWebImagePrefetcher.h */,
				BF798DBD1C2448BC0073DF70 /* SDWebImagePrefetcher.m */,
				BF798DBE1C2448BC0073DF70 /* UIButton+WebCache.h */,
				BF798DBF1C2448BC0073DF70 /* UIButton+WebCache.m */,
				BF798DC01C2448BC0073DF70 /* UIImage+GIF.h */,
				BF798DC11C2448BC0073DF70 /* UIImage+GIF.m */,
				BF798DC21C2448BC0073DF70 /* UIImage+MultiFormat.h */,
				BF798DC31C2448BC0073DF70 /* UIImage+MultiFormat.m */,
				BF798DC41C2448BC0073DF70 /* UIImage+WebP.h */,
				BF798DC51C2448BC0073DF70 /* UIImage+WebP.m */,
				BF798DC61C2448BC0073DF70 /* UIImageView+HighlightedWebCache.h */,
				BF798DC71C2448BC0073DF70 /* UIImageView+HighlightedWebCache.m */,
				BF798DC81C2448BC0073DF70 /* UIImageView+WebCache.h */,
				BF798DC91C2448BC0073DF70 /* UIImageView+WebCache.m */,
				BF798DCA1C2448BC0073DF70 /* UIView+WebCacheOperation.h */,
				BF798DCB1C2448BC0073DF70 /* UIView+WebCacheOperation.m */,
			);
			path = SDWebImage;
			sourceTree = "<group>";
		};
		BF798DDD1C2448C80073DF70 /* Framework */ = {
			isa = PBXGroup;
			children = (
				BF798E061C244E5D0073DF70 /* JMCarouselView-Bridging-Header.h */,
				BF798DAA1C2448BC0073DF70 /* SDWebImage */,
			);
			name = Framework;
			sourceTree = "<group>";
		};
		BF86E72E1C223B1800EC980A = {
			isa = PBXGroup;
			children = (
				BF86E7391C223B1800EC980A /* JMCarouselView */,
				BF86E7381C223B1800EC980A /* Products */,
			);
			sourceTree = "<group>";
		};
		BF86E7381C223B1800EC980A /* Products */ = {
			isa = PBXGroup;
			children = (
				BF86E7371C223B1800EC980A /* JMCarouselView.app */,
			);
			name = Products;
			sourceTree = "<group>";
		};
		BF86E7391C223B1800EC980A /* JMCarouselView */ = {
			isa = PBXGroup;
			children = (
				BF798DDD1C2448C80073DF70 /* Framework */,
				BF86E74C1C223D2400EC980A /* JMCarousel */,
				BF86E74E1C223D4E00EC980A /* ScrollViewDemo */,
				BF86E74D1C223D2C00EC980A /* CollectionViewDemo */,
				BF86E73C1C223B1800EC980A /* ViewController.swift */,
				BFB9850C1C22E867004B561D /* Others */,
			);
			path = JMCarouselView;
			sourceTree = "<group>";
		};
		BF86E74C1C223D2400EC980A /* JMCarousel */ = {
			isa = PBXGroup;
			children = (
				BF86E7551C22411400EC980A /* JMCarouselScrollView.swift */,
				BF86E7531C223E0F00EC980A /* JMCarouselCollection.swift */,
			);
			path = JMCarousel;
			sourceTree = "<group>";
		};
		BF86E74D1C223D2C00EC980A /* CollectionViewDemo */ = {
			isa = PBXGroup;
			children = (
				BF86E7511C223DD600EC980A /* CollectionTestViewController.swift */,
			);
			path = CollectionViewDemo;
			sourceTree = "<group>";
		};
		BF86E74E1C223D4E00EC980A /* ScrollViewDemo */ = {
			isa = PBXGroup;
			children = (
				BF86E74F1C223DC300EC980A /* ScrollTestViewController.swift */,
			);
			path = ScrollViewDemo;
			sourceTree = "<group>";
		};
		BFB9850C1C22E867004B561D /* Others */ = {
			isa = PBXGroup;
			children = (
				BF9E0AC01C24F1FC00CC1395 /* Assets.xcassets */,
				BF86E73A1C223B1800EC980A /* AppDelegate.swift */,
				BF86E73E1C223B1800EC980A /* Main.storyboard */,
				BF86E7431C223B1800EC980A /* LaunchScreen.storyboard */,
				BF86E7461C223B1800EC980A /* Info.plist */,
			);
			name = Others;
			sourceTree = "<group>";
		};
/* End PBXGroup section */

/* Begin PBXNativeTarget section */
		BF86E7361C223B1800EC980A /* JMCarouselView */ = {
			isa = PBXNativeTarget;
			buildConfigurationList = BF86E7491C223B1800EC980A /* Build configuration list for PBXNativeTarget "JMCarouselView" */;
			buildPhases = (
				BF86E7331C223B1800EC980A /* Sources */,
				BF86E7341C223B1800EC980A /* Frameworks */,
				BF86E7351C223B1800EC980A /* Resources */,
			);
			buildRules = (
			);
			dependencies = (
			);
			name = JMCarouselView;
			productName = JMCarouselView;
			productReference = BF86E7371C223B1800EC980A /* JMCarouselView.app */;
			productType = "com.apple.product-type.application";
		};
/* End PBXNativeTarget section */

/* Begin PBXProject section */
		BF86E72F1C223B1800EC980A /* Project object */ = {
			isa = PBXProject;
			attributes = {
				LastSwiftUpdateCheck = 0720;
				LastUpgradeCheck = 0720;
				ORGANIZATIONNAME = Jimmy;
				TargetAttributes = {
					BF86E7361C223B1800EC980A = {
						CreatedOnToolsVersion = 7.2;
						DevelopmentTeam = 37R4W6NKY6;
					};
				};
			};
			buildConfigurationList = BF86E7321C223B1800EC980A /* Build configuration list for PBXProject "JMCarouselView" */;
			compatibilityVersion = "Xcode 3.2";
			developmentRegion = English;
			hasScannedForEncodings = 0;
			knownRegions = (
				en,
				Base,
			);
			mainGroup = BF86E72E1C223B1800EC980A;
			productRefGroup = BF86E7381C223B1800EC980A /* Products */;
			projectDirPath = "";
			projectRoot = "";
			targets = (
				BF86E7361C223B1800EC980A /* JMCarouselView */,
			);
		};
/* End PBXProject section */

/* Begin PBXResourcesBuildPhase section */
		BF86E7351C223B1800EC980A /* Resources */ = {
			isa = PBXResourcesBuildPhase;
			buildActionMask = 2147483647;
			files = (
				BF86E7451C223B1800EC980A /* LaunchScreen.storyboard in Resources */,
				BF9E0AC11C24F1FC00CC1395 /* Assets.xcassets in Resources */,
				BF86E7401C223B1800EC980A /* Main.storyboard in Resources */,
			);
			runOnlyForDeploymentPostprocessing = 0;
		};
/* End PBXResourcesBuildPhase section */

/* Begin PBXSourcesBuildPhase section */
		BF86E7331C223B1800EC980A /* Sources */ = {
			isa = PBXSourcesBuildPhase;
			buildActionMask = 2147483647;
			files = (
				BF86E7561C22411400EC980A /* JMCarouselScrollView.swift in Sources */,
				BF798DD31C2448BC0073DF70 /* SDWebImageManager.m in Sources */,
				BF798DCE1C2448BC0073DF70 /* SDImageCache.m in Sources */,
				BF798DD21C2448BC0073DF70 /* SDWebImageDownloaderOperation.m in Sources */,
				BF798DDB1C2448BC0073DF70 /* UIView+WebCacheOperation.m in Sources */,
				BF86E7521C223DD600EC980A /* CollectionTestViewController.swift in Sources */,
				BF798DD51C2448BC0073DF70 /* UIButton+WebCache.m in Sources */,
				BF798DCD1C2448BC0073DF70 /* NSData+ImageContentType.m in Sources */,
				BF798DD41C2448BC0073DF70 /* SDWebImagePrefetcher.m in Sources */,
				BF798DD11C2448BC0073DF70 /* SDWebImageDownloader.m in Sources */,
				BF86E7541C223E0F00EC980A /* JMCarouselCollection.swift in Sources */,
				BF798DD81C2448BC0073DF70 /* UIImage+WebP.m in Sources */,
				BF798DDA1C2448BC0073DF70 /* UIImageView+WebCache.m in Sources */,
				BF798DD01C2448BC0073DF70 /* SDWebImageDecoder.m in Sources */,
				BF86E7501C223DC300EC980A /* ScrollTestViewController.swift in Sources */,
				BF798DCC1C2448BC0073DF70 /* MKAnnotationView+WebCache.m in Sources */,
				BF798DCF1C2448BC0073DF70 /* SDWebImageCompat.m in Sources */,
				BF86E73D1C223B1800EC980A /* ViewController.swift in Sources */,
				BF86E73B1C223B1800EC980A /* AppDelegate.swift in Sources */,
				BF798DD71C2448BC0073DF70 /* UIImage+MultiFormat.m in Sources */,
				BF798DD91C2448BC0073DF70 /* UIImageView+HighlightedWebCache.m in Sources */,
				BF798DD61C2448BC0073DF70 /* UIImage+GIF.m in Sources */,
			);
			runOnlyForDeploymentPostprocessing = 0;
		};
/* End PBXSourcesBuildPhase section */

/* Begin PBXVariantGroup section */
		BF86E73E1C223B1800EC980A /* Main.storyboard */ = {
			isa = PBXVariantGroup;
			children = (
				BF86E73F1C223B1800EC980A /* Base */,
			);
			name = Main.storyboard;
			sourceTree = "<group>";
		};
		BF86E7431C223B1800EC980A /* LaunchScreen.storyboard */ = {
			isa = PBXVariantGroup;
			children = (
				BF86E7441C223B1800EC980A /* Base */,
			);
			name = LaunchScreen.storyboard;
			sourceTree = "<group>";
		};
/* End PBXVariantGroup section */

/* Begin XCBuildConfiguration section */
		BF86E7471C223B1800EC980A /* Debug */ = {
			isa = XCBuildConfiguration;
			buildSettings = {
				ALWAYS_SEARCH_USER_PATHS = NO;
				CLANG_CXX_LANGUAGE_STANDARD = "gnu++0x";
				CLANG_CXX_LIBRARY = "libc++";
				CLANG_ENABLE_MODULES = YES;
				CLANG_ENABLE_OBJC_ARC = YES;
				CLANG_WARN_BOOL_CONVERSION = YES;
				CLANG_WARN_CONSTANT_CONVERSION = YES;
				CLANG_WARN_DIRECT_OBJC_ISA_USAGE = YES_ERROR;
				CLANG_WARN_EMPTY_BODY = YES;
				CLANG_WARN_ENUM_CONVERSION = YES;
				CLANG_WARN_INT_CONVERSION = YES;
				CLANG_WARN_OBJC_ROOT_CLASS = YES_ERROR;
				CLANG_WARN_UNREACHABLE_CODE = YES;
				CLANG_WARN__DUPLICATE_METHOD_MATCH = YES;
				"CODE_SIGN_IDENTITY[sdk=iphoneos*]" = "iPhone Developer";
				COPY_PHASE_STRIP = NO;
				DEBUG_INFORMATION_FORMAT = dwarf;
				ENABLE_STRICT_OBJC_MSGSEND = YES;
				ENABLE_TESTABILITY = YES;
				GCC_C_LANGUAGE_STANDARD = gnu99;
				GCC_DYNAMIC_NO_PIC = NO;
				GCC_NO_COMMON_BLOCKS = YES;
				GCC_OPTIMIZATION_LEVEL = 0;
				GCC_PREPROCESSOR_DEFINITIONS = (
					"DEBUG=1",
					"$(inherited)",
				);
				GCC_WARN_64_TO_32_BIT_CONVERSION = YES;
				GCC_WARN_ABOUT_RETURN_TYPE = YES_ERROR;
				GCC_WARN_UNDECLARED_SELECTOR = YES;
				GCC_WARN_UNINITIALIZED_AUTOS = YES_AGGRESSIVE;
				GCC_WARN_UNUSED_FUNCTION = YES;
				GCC_WARN_UNUSED_VARIABLE = YES;
				IPHONEOS_DEPLOYMENT_TARGET = 9.2;
				MTL_ENABLE_DEBUG_INFO = YES;
				ONLY_ACTIVE_ARCH = YES;
				SDKROOT = iphoneos;
				SWIFT_OPTIMIZATION_LEVEL = "-Onone";
				TARGETED_DEVICE_FAMILY = "1,2";
			};
			name = Debug;
		};
		BF86E7481C223B1800EC980A /* Release */ = {
			isa = XCBuildConfiguration;
			buildSettings = {
				ALWAYS_SEARCH_USER_PATHS = NO;
				CLANG_CXX_LANGUAGE_STANDARD = "gnu++0x";
				CLANG_CXX_LIBRARY = "libc++";
				CLANG_ENABLE_MODULES = YES;
				CLANG_ENABLE_OBJC_ARC = YES;
				CLANG_WARN_BOOL_CONVERSION = YES;
				CLANG_WARN_CONSTANT_CONVERSION = YES;
				CLANG_WARN_DIRECT_OBJC_ISA_USAGE = YES_ERROR;
				CLANG_WARN_EMPTY_BODY = YES;
				CLANG_WARN_ENUM_CONVERSION = YES;
				CLANG_WARN_INT_CONVERSION = YES;
				CLANG_WARN_OBJC_ROOT_CLASS = YES_ERROR;
				CLANG_WARN_UNREACHABLE_CODE = YES;
				CLANG_WARN__DUPLICATE_METHOD_MATCH = YES;
				"CODE_SIGN_IDENTITY[sdk=iphoneos*]" = "iPhone Developer";
				COPY_PHASE_STRIP = NO;
				DEBUG_INFORMATION_FORMAT = "dwarf-with-dsym";
				ENABLE_NS_ASSERTIONS = NO;
				ENABLE_STRICT_OBJC_MSGSEND = YES;
				GCC_C_LANGUAGE_STANDARD = gnu99;
				GCC_NO_COMMON_BLOCKS = YES;
				GCC_WARN_64_TO_32_BIT_CONVERSION = YES;
				GCC_WARN_ABOUT_RETURN_TYPE = YES_ERROR;
				GCC_WARN_UNDECLARED_SELECTOR = YES;
				GCC_WARN_UNINITIALIZED_AUTOS = YES_AGGRESSIVE;
				GCC_WARN_UNUSED_FUNCTION = YES;
				GCC_WARN_UNUSED_VARIABLE = YES;
				IPHONEOS_DEPLOYMENT_TARGET = 9.2;
				MTL_ENABLE_DEBUG_INFO = NO;
				SDKROOT = iphoneos;
				TARGETED_DEVICE_FAMILY = "1,2";
				VALIDATE_PRODUCT = YES;
			};
			name = Release;
		};
		BF86E74A1C223B1800EC980A /* Debug */ = {
			isa = XCBuildConfiguration;
			buildSettings = {
				ASSETCATALOG_COMPILER_APPICON_NAME = AppIcon;
				INFOPLIST_FILE = JMCarouselView/Info.plist;
				IPHONEOS_DEPLOYMENT_TARGET = 7.1;
				LD_RUNPATH_SEARCH_PATHS = "$(inherited) @executable_path/Frameworks";
				OTHER_LDFLAGS = "-ObjC";
				PRODUCT_BUNDLE_IDENTIFIER = Jimmy4iOS.JMCarouselView;
				PRODUCT_NAME = "$(TARGET_NAME)";
				SWIFT_OBJC_BRIDGING_HEADER = "JMCarouselView/JMCarouselView-Bridging-Header.h";
			};
			name = Debug;
		};
		BF86E74B1C223B1800EC980A /* Release */ = {
			isa = XCBuildConfiguration;
			buildSettings = {
				ASSETCATALOG_COMPILER_APPICON_NAME = AppIcon;
				INFOPLIST_FILE = JMCarouselView/Info.plist;
				IPHONEOS_DEPLOYMENT_TARGET = 7.1;
				LD_RUNPATH_SEARCH_PATHS = "$(inherited) @executable_path/Frameworks";
				OTHER_LDFLAGS = "-ObjC";
				PRODUCT_BUNDLE_IDENTIFIER = Jimmy4iOS.JMCarouselView;
				PRODUCT_NAME = "$(TARGET_NAME)";
				SWIFT_OBJC_BRIDGING_HEADER = "JMCarouselView/JMCarouselView-Bridging-Header.h";
			};
			name = Release;
		};
/* End XCBuildConfiguration section */

/* Begin XCConfigurationList section */
		BF86E7321C223B1800EC980A /* Build configuration list for PBXProject "JMCarouselView" */ = {
			isa = XCConfigurationList;
			buildConfigurations = (
				BF86E7471C223B1800EC980A /* Debug */,
				BF86E7481C223B1800EC980A /* Release */,
			);
			defaultConfigurationIsVisible = 0;
			defaultConfigurationName = Release;
		};
		BF86E7491C223B1800EC980A /* Build configuration list for PBXNativeTarget "JMCarouselView" */ = {
			isa = XCConfigurationList;
			buildConfigurations = (
				BF86E74A1C223B1800EC980A /* Debug */,
				BF86E74B1C223B1800EC980A /* Release */,
			);
			defaultConfigurationIsVisible = 0;
			defaultConfigurationName = Release;
		};
/* End XCConfigurationList section */
	};
	rootObject = BF86E72F1C223B1800EC980A /* Project object */;
}
